
Microsoft Visual Studio Solution File, Format Version 12.00
# Visual Studio Version 16
VisualStudioVersion = 16.0.31702.278
MinimumVisualStudioVersion = 10.0.40219.1
Project("{FAE04EC0-301F-11D3-BF4B-00C04F79EFBC}") = "CapaDTO", "CapaDTO\CapaDTO.csproj", "{6915BBF9-0B67-4EEF-A855-A209F2204350}"
EndProject
Project("{FAE04EC0-301F-11D3-BF4B-00C04F79EFBC}") = "Capa GUI", "Capa GUI\Capa GUI.csproj", "{9BB35BFC-F4B6-46C0-9D19-39BDC38CAD77}"
EndProject
Global
	GlobalSection(SolutionConfigurationPlatforms) = preSolution
		Debug|Any CPU = Debug|Any CPU
		Release|Any CPU = Release|Any CPU
	EndGlobalSection
	GlobalSection(ProjectConfigurationPlatforms) = postSolution
		{6915BBF9-0B67-4EEF-A855-A209F2204350}.Debug|Any CPU.ActiveCfg = Debug|Any CPU
		{6915BBF9-0B67-4EEF-A855-A209F2204350}.Debug|Any CPU.Build.0 = Debug|Any CPU
		{6915BBF9-0B67-4EEF-A855-A209F2204350}.Release|Any CPU.ActiveCfg = Release|Any CPU
		{6915BBF9-0B67-4EEF-A855-A209F2204350}.Release|Any CPU.Build.0 = Release|Any CPU
		{9BB35BFC-F4B6-46C0-9D19-39BDC38CAD77}.Debug|Any CPU.ActiveCfg = Debug|Any CPU
		{9BB35BFC-F4B6-46C0-9D19-39BDC38CAD77}.Debug|Any CPU.Build.0 = Debug|Any CPU
		{9BB35BFC-F4B6-46C0-9D19-39BDC38CAD77}.Release|Any CPU.ActiveCfg = Release|Any CPU
		{9BB35BFC-F4B6-46C0-9D19-39BDC38CAD77}.Release|Any CPU.Build.0 = Release|Any CPU
	EndGlobalSection
	GlobalSection(SolutionProperties) = preSolution
		HideSolutionNode = FALSE
	EndGlobalSection
	GlobalSection(ExtensibilityGlobals) = postSolution
		SolutionGuid = {631D084D-7B04-464A-A542-6A641D6A4A1C}
	EndGlobalSection
EndGlobal
